
Microsoft Visual Studio Solution File, Format Version 12.00
Project("{FAE04EC0-301F-11D3-BF4B-00C04F79EFBC}") = "207Modifier", "207Modifier\207Modifier.csproj", "{3F4F777D-22F1-49F6-8885-4589A0901A02}"
EndProject
Global
	GlobalSection(SolutionConfigurationPlatforms) = preSolution
		Debug|Any CPU = Debug|Any CPU
		Release|Any CPU = Release|Any CPU
	EndGlobalSection
	GlobalSection(ProjectConfigurationPlatforms) = postSolution
		{3F4F777D-22F1-49F6-8885-4589A0901A02}.Debug|Any CPU.ActiveCfg = Debug|Any CPU
		{3F4F777D-22F1-49F6-8885-4589A0901A02}.Debug|Any CPU.Build.0 = Debug|Any CPU
		{3F4F777D-22F1-49F6-8885-4589A0901A02}.Release|Any CPU.ActiveCfg = Release|Any CPU
		{3F4F777D-22F1-49F6-8885-4589A0901A02}.Release|Any CPU.Build.0 = Release|Any CPU
	EndGlobalSection
EndGlobal
